
Microsoft Visual Studio Solution File, Format Version 12.00
# Visual Studio Version 16
VisualStudioVersion = 16.0.28729.10
MinimumVisualStudioVersion = 10.0.40219.1
Project("{9A19103F-16F7-4668-BE54-9A1E7A4F7556}") = "CLAP", "CLAP\CLAP.csproj", "{AE79CD7B-DFFC-4156-913E-63F70A31B7C1}"
EndProject
Project("{FAE04EC0-301F-11D3-BF4B-00C04F79EFBC}") = "ConsoleTest", "ConsoleTest\ConsoleTest.csproj", "{678F4788-6950-4FE2-B471-99AB9E5B4BE9}"
EndProject
Project("{9A19103F-16F7-4668-BE54-9A1E7A4F7556}") = "Tests", "Tests\Tests.csproj", "{63D887CB-655A-4FA1-A8B8-38A28613A707}"
EndProject
Project("{FAE04EC0-301F-11D3-BF4B-00C04F79EFBC}") = "WinFormTest", "WinFormTest\WinFormTest.csproj", "{20D947B0-A9E4-480B-A24C-5D8621D4A59B}"
EndProject
Project("{FAE04EC0-301F-11D3-BF4B-00C04F79EFBC}") = "ConsoleTestAsync", "ConsoleTestAsync\ConsoleTestAsync.csproj", "{AE9B8A5B-747F-4EFF-9D90-83043E23B1B8}"
EndProject
Global
	GlobalSection(SolutionConfigurationPlatforms) = preSolution
		Debug|Any CPU = Debug|Any CPU
		Release|Any CPU = Release|Any CPU
		Release20|Any CPU = Release20|Any CPU
	EndGlobalSection
	GlobalSection(ProjectConfigurationPlatforms) = postSolution
		{AE79CD7B-DFFC-4156-913E-63F70A31B7C1}.Debug|Any CPU.ActiveCfg = Debug|Any CPU
		{AE79CD7B-DFFC-4156-913E-63F70A31B7C1}.Debug|Any CPU.Build.0 = Debug|Any CPU
		{AE79CD7B-DFFC-4156-913E-63F70A31B7C1}.Release|Any CPU.ActiveCfg = Release|Any CPU
		{AE79CD7B-DFFC-4156-913E-63F70A31B7C1}.Release|Any CPU.Build.0 = Release|Any CPU
		{AE79CD7B-DFFC-4156-913E-63F70A31B7C1}.Release20|Any CPU.ActiveCfg = Release|Any CPU
		{AE79CD7B-DFFC-4156-913E-63F70A31B7C1}.Release20|Any CPU.Build.0 = Release|Any CPU
		{678F4788-6950-4FE2-B471-99AB9E5B4BE9}.Debug|Any CPU.ActiveCfg = Debug|Any CPU
		{678F4788-6950-4FE2-B471-99AB9E5B4BE9}.Debug|Any CPU.Build.0 = Debug|Any CPU
		{678F4788-6950-4FE2-B471-99AB9E5B4BE9}.Release|Any CPU.ActiveCfg = Release|Any CPU
		{678F4788-6950-4FE2-B471-99AB9E5B4BE9}.Release|Any CPU.Build.0 = Release|Any CPU
		{678F4788-6950-4FE2-B471-99AB9E5B4BE9}.Release20|Any CPU.ActiveCfg = Release|Any CPU
		{678F4788-6950-4FE2-B471-99AB9E5B4BE9}.Release20|Any CPU.Build.0 = Release|Any CPU
		{63D887CB-655A-4FA1-A8B8-38A28613A707}.Debug|Any CPU.ActiveCfg = Debug|Any CPU
		{63D887CB-655A-4FA1-A8B8-38A28613A707}.Debug|Any CPU.Build.0 = Debug|Any CPU
		{63D887CB-655A-4FA1-A8B8-38A28613A707}.Release|Any CPU.ActiveCfg = Release|Any CPU
		{63D887CB-655A-4FA1-A8B8-38A28613A707}.Release|Any CPU.Build.0 = Release|Any CPU
		{63D887CB-655A-4FA1-A8B8-38A28613A707}.Release20|Any CPU.ActiveCfg = Release|Any CPU
		{63D887CB-655A-4FA1-A8B8-38A28613A707}.Release20|Any CPU.Build.0 = Release|Any CPU
		{20D947B0-A9E4-480B-A24C-5D8621D4A59B}.Debug|Any CPU.ActiveCfg = Debug|Any CPU
		{20D947B0-A9E4-480B-A24C-5D8621D4A59B}.Debug|Any CPU.Build.0 = Debug|Any CPU
		{20D947B0-A9E4-480B-A24C-5D8621D4A59B}.Release|Any CPU.ActiveCfg = Release|x86
		{20D947B0-A9E4-480B-A24C-5D8621D4A59B}.Release20|Any CPU.ActiveCfg = Release|x86
		{AE9B8A5B-747F-4EFF-9D90-83043E23B1B8}.Debug|Any CPU.ActiveCfg = Debug|Any CPU
		{AE9B8A5B-747F-4EFF-9D90-83043E23B1B8}.Debug|Any CPU.Build.0 = Debug|Any CPU
		{AE9B8A5B-747F-4EFF-9D90-83043E23B1B8}.Release|Any CPU.ActiveCfg = Release|Any CPU
		{AE9B8A5B-747F-4EFF-9D90-83043E23B1B8}.Release|Any CPU.Build.0 = Release|Any CPU
		{AE9B8A5B-747F-4EFF-9D90-83043E23B1B8}.Release20|Any CPU.ActiveCfg = Debug|Any CPU
		{AE9B8A5B-747F-4EFF-9D90-83043E23B1B8}.Release20|Any CPU.Build.0 = Debug|Any CPU
	EndGlobalSection
	GlobalSection(SolutionProperties) = preSolution
		HideSolutionNode = FALSE
	EndGlobalSection
	GlobalSection(ExtensibilityGlobals) = postSolution
		SolutionGuid = {C9997C0F-7500-4A5C-8A1F-475DB140C654}
	EndGlobalSection
EndGlobal
